{
  "name": "@typecad/passives",
  "version": "0.0.15",
  "lockfileVersion": 3,
  "requires": true,
  "packages": {
    "": {
      "name": "@typecad/passives",
      "version": "0.0.15",
      "license": "ISC",
      "devDependencies": {
        "@typecad/typecad": "~0.0.18"
      }
    },
    "node_modules/@typecad/typecad": {
      "version": "0.0.19",
      "resolved": "https://registry.npmjs.org/@typecad/typecad/-/typecad-0.0.19.tgz",
      "integrity": "sha512-NOV8Z7Hy9FO1HWC3VylB2zg+du4ZVitj0FTKC34+XZkSSz2yppII5lcUYUJiN3L5gsDpEU3THFV13c2rLrztYA==",
      "dev": true,
      "dependencies": {
        "chalk": "^5.3.0",
        "commander": "^12.0.0",
        "fast-sexpr": "^1.0.0",
        "find-bin": "^1.1.0",
        "node-sexp": "^1.0.1",
        "s-expression.js": "^0.6.4"
      },
      "funding": {
        "url": "https://www.buymeacoffee.com/typecad"
      }
    },
    "node_modules/chalk": {
      "version": "5.3.0",
      "resolved": "https://registry.npmjs.org/chalk/-/chalk-5.3.0.tgz",
      "integrity": "sha512-dLitG79d+GV1Nb/VYcCDFivJeK1hiukt9QjRNVOsUtTy1rR1YJsmpGGTZ3qJos+uw7WmWF4wUwBd9jxjocFC2w==",
      "dev": true,
      "engines": {
        "node": "^12.17.0 || ^14.13 || >=16.0.0"
      },
      "funding": {
        "url": "https://github.com/chalk/chalk?sponsor=1"
      }
    },
    "node_modules/commander": {
      "version": "12.1.0",
      "resolved": "https://registry.npmjs.org/commander/-/commander-12.1.0.tgz",
      "integrity": "sha512-Vw8qHK3bZM9y/P10u3Vib8o/DdkvA2OtPtZvD871QKjy74Wj1WSKFILMPRPSdUSx5RFK1arlJzEtA4PkFgnbuA==",
      "dev": true,
      "engines": {
        "node": ">=18"
      }
    },
    "node_modules/fast-sexpr": {
      "version": "1.0.0",
      "resolved": "https://registry.npmjs.org/fast-sexpr/-/fast-sexpr-1.0.0.tgz",
      "integrity": "sha512-xmOa0PumatfozRHr+/tR6LZbDrKUk/bE89lqkEQn3id7BdD1I8qmlDQB4PBfH5a6ABj/TeE36Aq4iMXP9LkBBQ==",
      "dev": true
    },
    "node_modules/find-bin": {
      "version": "1.1.0",
      "resolved": "https://registry.npmjs.org/find-bin/-/find-bin-1.1.0.tgz",
      "integrity": "sha512-bvh7h4WFW3tDx27NoikYlVBjwetPx4FQ7s7Z6sT39V03vaXE2//PWTxUfbkDT7MhZup/uJ/Wfep56wBRGMnnMA==",
      "dev": true,
      "bin": {
        "lookpath": "bin/lookpath.js"
      }
    },
    "node_modules/node-sexp": {
      "version": "1.0.1",
      "resolved": "https://registry.npmjs.org/node-sexp/-/node-sexp-1.0.1.tgz",
      "integrity": "sha512-FxllCxC338zoCu5UynyUZgBRV7/1AALSFVtHovJoCDg6BxacP0HNK5OsApc8rC8mRhEh/ESIkedF5hcZFO12Zg==",
      "dev": true
    },
    "node_modules/s-expression.js": {
      "version": "0.6.4",
      "resolved": "https://registry.npmjs.org/s-expression.js/-/s-expression.js-0.6.4.tgz",
      "integrity": "sha512-3HEtulxAMlwfNQW9LVGy57u5VrAooZXXoX2QyBD5BIragTIapDSTcTBWrzY0fzwfEiTFBivmQBaX+iOBqdFjzQ==",
      "dev": true
    }
  }
}
