{
  "name": "@typecad/passives",
  "version": "0.0.21",
  "lockfileVersion": 3,
  "requires": true,
  "packages": {
    "": {
      "name": "@typecad/passives",
      "version": "0.0.21",
      "license": "ISC",
      "devDependencies": {
        "@typecad/typecad": "~0.0.31"
      }
    },
    "node_modules/@typecad/typecad": {
      "version": "0.0.36",
      "resolved": "https://registry.npmjs.org/@typecad/typecad/-/typecad-0.0.36.tgz",
      "integrity": "sha512-8on7YTc8xjLlEVE4THO8mVE4k1sF28pAlMXd8Og0ildGoaC/Agkt627o01YTP+EfVC350z4txY4GSjZi3sCk0w==",
      "dev": true,
      "dependencies": {
        "chalk": "^5.3.0",
        "fast-sexpr": "^1.0.0",
        "find-bin": "^1.1.0",
        "handlebars": "^4.7.8",
        "node-sexp": "^1.0.1",
        "s-expression.js": "^0.6.4"
      },
      "funding": {
        "url": "https://www.buymeacoffee.com/typecad"
      }
    },
    "node_modules/chalk": {
      "version": "5.4.1",
      "resolved": "https://registry.npmjs.org/chalk/-/chalk-5.4.1.tgz",
      "integrity": "sha512-zgVZuo2WcZgfUEmsn6eO3kINexW8RAE4maiQ8QNs8CtpPCSyMiYsULR3HQYkm3w8FIA3SberyMJMSldGsW+U3w==",
      "dev": true,
      "engines": {
        "node": "^12.17.0 || ^14.13 || >=16.0.0"
      },
      "funding": {
        "url": "https://github.com/chalk/chalk?sponsor=1"
      }
    },
    "node_modules/fast-sexpr": {
      "version": "1.0.0",
      "resolved": "https://registry.npmjs.org/fast-sexpr/-/fast-sexpr-1.0.0.tgz",
      "integrity": "sha512-xmOa0PumatfozRHr+/tR6LZbDrKUk/bE89lqkEQn3id7BdD1I8qmlDQB4PBfH5a6ABj/TeE36Aq4iMXP9LkBBQ==",
      "dev": true
    },
    "node_modules/find-bin": {
      "version": "1.1.0",
      "resolved": "https://registry.npmjs.org/find-bin/-/find-bin-1.1.0.tgz",
      "integrity": "sha512-bvh7h4WFW3tDx27NoikYlVBjwetPx4FQ7s7Z6sT39V03vaXE2//PWTxUfbkDT7MhZup/uJ/Wfep56wBRGMnnMA==",
      "dev": true,
      "bin": {
        "lookpath": "bin/lookpath.js"
      }
    },
    "node_modules/handlebars": {
      "version": "4.7.8",
      "resolved": "https://registry.npmjs.org/handlebars/-/handlebars-4.7.8.tgz",
      "integrity": "sha512-vafaFqs8MZkRrSX7sFVUdo3ap/eNiLnb4IakshzvP56X5Nr1iGKAIqdX6tMlm6HcNRIkr6AxO5jFEoJzzpT8aQ==",
      "dev": true,
      "dependencies": {
        "minimist": "^1.2.5",
        "neo-async": "^2.6.2",
        "source-map": "^0.6.1",
        "wordwrap": "^1.0.0"
      },
      "bin": {
        "handlebars": "bin/handlebars"
      },
      "engines": {
        "node": ">=0.4.7"
      },
      "optionalDependencies": {
        "uglify-js": "^3.1.4"
      }
    },
    "node_modules/minimist": {
      "version": "1.2.8",
      "resolved": "https://registry.npmjs.org/minimist/-/minimist-1.2.8.tgz",
      "integrity": "sha512-2yyAR8qBkN3YuheJanUpWC5U3bb5osDywNB8RzDVlDwDHbocAJveqqj1u8+SVD7jkWT4yvsHCpWqqWqAxb0zCA==",
      "dev": true,
      "funding": {
        "url": "https://github.com/sponsors/ljharb"
      }
    },
    "node_modules/neo-async": {
      "version": "2.6.2",
      "resolved": "https://registry.npmjs.org/neo-async/-/neo-async-2.6.2.tgz",
      "integrity": "sha512-Yd3UES5mWCSqR+qNT93S3UoYUkqAZ9lLg8a7g9rimsWmYGK8cVToA4/sF3RrshdyV3sAGMXVUmpMYOw+dLpOuw==",
      "dev": true
    },
    "node_modules/node-sexp": {
      "version": "1.0.1",
      "resolved": "https://registry.npmjs.org/node-sexp/-/node-sexp-1.0.1.tgz",
      "integrity": "sha512-FxllCxC338zoCu5UynyUZgBRV7/1AALSFVtHovJoCDg6BxacP0HNK5OsApc8rC8mRhEh/ESIkedF5hcZFO12Zg==",
      "dev": true
    },
    "node_modules/s-expression.js": {
      "version": "0.6.4",
      "resolved": "https://registry.npmjs.org/s-expression.js/-/s-expression.js-0.6.4.tgz",
      "integrity": "sha512-3HEtulxAMlwfNQW9LVGy57u5VrAooZXXoX2QyBD5BIragTIapDSTcTBWrzY0fzwfEiTFBivmQBaX+iOBqdFjzQ==",
      "dev": true
    },
    "node_modules/source-map": {
      "version": "0.6.1",
      "resolved": "https://registry.npmjs.org/source-map/-/source-map-0.6.1.tgz",
      "integrity": "sha512-UjgapumWlbMhkBgzT7Ykc5YXUT46F0iKu8SGXq0bcwP5dz/h0Plj6enJqjz1Zbq2l5WaqYnrVbwWOWMyF3F47g==",
      "dev": true,
      "engines": {
        "node": ">=0.10.0"
      }
    },
    "node_modules/uglify-js": {
      "version": "3.19.3",
      "resolved": "https://registry.npmjs.org/uglify-js/-/uglify-js-3.19.3.tgz",
      "integrity": "sha512-v3Xu+yuwBXisp6QYTcH4UbH+xYJXqnq2m/LtQVWKWzYc1iehYnLixoQDN9FH6/j9/oybfd6W9Ghwkl8+UMKTKQ==",
      "dev": true,
      "optional": true,
      "bin": {
        "uglifyjs": "bin/uglifyjs"
      },
      "engines": {
        "node": ">=0.8.0"
      }
    },
    "node_modules/wordwrap": {
      "version": "1.0.0",
      "resolved": "https://registry.npmjs.org/wordwrap/-/wordwrap-1.0.0.tgz",
      "integrity": "sha512-gvVzJFlPycKc5dZN4yPkP8w7Dc37BtP1yczEneOb4uq34pXZcvrtRTmWV8W+Ume+XCxKgbjM+nevkyFPMybd4Q==",
      "dev": true
    }
  }
}
